
Microsoft Visual Studio Solution File, Format Version 12.00
# Visual Studio Version 16
VisualStudioVersion = 16.0.32901.82
MinimumVisualStudioVersion = 10.0.40219.1
Project("{FAE04EC0-301F-11D3-BF4B-00C04F79EFBC}") = "flowers", "flowers\flowers.csproj", "{7D860123-C888-4F70-B86B-F89DDB999EAA}"
EndProject
Global
	GlobalSection(SolutionConfigurationPlatforms) = preSolution
		Debug|Any CPU = Debug|Any CPU
		Release|Any CPU = Release|Any CPU
	EndGlobalSection
	GlobalSection(ProjectConfigurationPlatforms) = postSolution
		{7D860123-C888-4F70-B86B-F89DDB999EAA}.Debug|Any CPU.ActiveCfg = Debug|Any CPU
		{7D860123-C888-4F70-B86B-F89DDB999EAA}.Debug|Any CPU.Build.0 = Debug|Any CPU
		{7D860123-C888-4F70-B86B-F89DDB999EAA}.Release|Any CPU.ActiveCfg = Release|Any CPU
		{7D860123-C888-4F70-B86B-F89DDB999EAA}.Release|Any CPU.Build.0 = Release|Any CPU
	EndGlobalSection
	GlobalSection(SolutionProperties) = preSolution
		HideSolutionNode = FALSE
	EndGlobalSection
	GlobalSection(ExtensibilityGlobals) = postSolution
		SolutionGuid = {E4383B16-A5E4-4941-9F58-BA8CFD103903}
	EndGlobalSection
EndGlobal
